
Microsoft Visual Studio Solution File, Format Version 12.00
#
Project("{FAE04EC0-301F-11D3-BF4B-00C04F79EFBC}") = "planning.API", "planning.API\planning.API.csproj", "{13F5117D-D8EF-442A-B297-66825D767177}"
EndProject
Project("{FAE04EC0-301F-11D3-BF4B-00C04F79EFBC}") = "planning.Models", "planning.Models\planning.Models.csproj", "{49D8BB62-3E47-4D45-B2AC-ED7BF469C9C1}"
EndProject
Project("{FAE04EC0-301F-11D3-BF4B-00C04F79EFBC}") = "planning.EntitiesContext", "planning.EntitiesContext\planning.EntitiesContext.csproj", "{EE8FF4CD-C782-4864-9C3C-7A17FF6CAEE4}"
EndProject
Project("{FAE04EC0-301F-11D3-BF4B-00C04F79EFBC}") = "planning.Repository", "planning.Repository\planning.Repository.csproj", "{3C8616BC-5CF1-45EC-9A33-DB5B3B46A917}"
EndProject
Project("{FAE04EC0-301F-11D3-BF4B-00C04F79EFBC}") = "planning.Repository.Contracts", "planning.Repository.Contracts\planning.Repository.Contracts.csproj", "{002738CF-656F-411C-B267-7E0195E480FC}"
EndProject
Project("{FAE04EC0-301F-11D3-BF4B-00C04F79EFBC}") = "planning.Services", "planning.Services\planning.Services.csproj", "{219180F8-92CF-465A-B658-6E64F91A5C2F}"
EndProject
Project("{FAE04EC0-301F-11D3-BF4B-00C04F79EFBC}") = "planning.Services.Contracts", "planning.Services.Contracts\planning.Services.Contracts.csproj", "{100192B3-45AC-44CE-A8AE-D1C7A37F1DDE}"
EndProject
Project("{FAE04EC0-301F-11D3-BF4B-00C04F79EFBC}") = "planning.Attributes", "planning.Attributes\planning.Attributes.csproj", "{D2A033AD-94F7-49FA-9FF0-BAB5FBF37723}"
EndProject
Project("{FAE04EC0-301F-11D3-BF4B-00C04F79EFBC}") = "planning.IntegrationTests", "planning.IntegrationTests\planning.IntegrationTests.csproj", "{08649872-A4D3-4430-B5B2-39B51F7CDA87}"
EndProject
Project("{FAE04EC0-301F-11D3-BF4B-00C04F79EFBC}") = "planning.BlazorApp", "planning.BlazorApp\planning.BlazorApp.csproj", "{49A5C871-B24B-4E2E-9A45-19D9CCA4823C}"
EndProject
Project("{FAE04EC0-301F-11D3-BF4B-00C04F79EFBC}") = "planning.Infrastructure", "planning.Infrastructure\planning.Infrastructure.csproj", "{8DEFDC85-C6C5-4453-A31D-56D66C883A44}"
EndProject
Project("{FAE04EC0-301F-11D3-BF4B-00C04F79EFBC}") = "planning.Domain", "planning.Domain\planning.Domain.csproj", "{6E32995C-A6B2-4DD5-9A81-8D39D74FF2D9}"
EndProject
Project("{FAE04EC0-301F-11D3-BF4B-00C04F79EFBC}") = "planning.Application", "planning.Application\planning.Application.csproj", "{1485942B-E514-4C07-BA33-811CE103A012}"
EndProject
Global
	GlobalSection(SolutionConfigurationPlatforms) = preSolution
		Debug|Any CPU = Debug|Any CPU
		Release|Any CPU = Release|Any CPU
	EndGlobalSection
	GlobalSection(ProjectConfigurationPlatforms) = postSolution
		{13F5117D-D8EF-442A-B297-66825D767177}.Debug|Any CPU.ActiveCfg = Debug|Any CPU
		{13F5117D-D8EF-442A-B297-66825D767177}.Debug|Any CPU.Build.0 = Debug|Any CPU
		{13F5117D-D8EF-442A-B297-66825D767177}.Release|Any CPU.ActiveCfg = Release|Any CPU
		{13F5117D-D8EF-442A-B297-66825D767177}.Release|Any CPU.Build.0 = Release|Any CPU
		{49D8BB62-3E47-4D45-B2AC-ED7BF469C9C1}.Debug|Any CPU.ActiveCfg = Debug|Any CPU
		{49D8BB62-3E47-4D45-B2AC-ED7BF469C9C1}.Debug|Any CPU.Build.0 = Debug|Any CPU
		{49D8BB62-3E47-4D45-B2AC-ED7BF469C9C1}.Release|Any CPU.ActiveCfg = Release|Any CPU
		{49D8BB62-3E47-4D45-B2AC-ED7BF469C9C1}.Release|Any CPU.Build.0 = Release|Any CPU
		{EE8FF4CD-C782-4864-9C3C-7A17FF6CAEE4}.Debug|Any CPU.ActiveCfg = Debug|Any CPU
		{EE8FF4CD-C782-4864-9C3C-7A17FF6CAEE4}.Debug|Any CPU.Build.0 = Debug|Any CPU
		{EE8FF4CD-C782-4864-9C3C-7A17FF6CAEE4}.Release|Any CPU.ActiveCfg = Release|Any CPU
		{EE8FF4CD-C782-4864-9C3C-7A17FF6CAEE4}.Release|Any CPU.Build.0 = Release|Any CPU
		{3C8616BC-5CF1-45EC-9A33-DB5B3B46A917}.Debug|Any CPU.ActiveCfg = Debug|Any CPU
		{3C8616BC-5CF1-45EC-9A33-DB5B3B46A917}.Debug|Any CPU.Build.0 = Debug|Any CPU
		{3C8616BC-5CF1-45EC-9A33-DB5B3B46A917}.Release|Any CPU.ActiveCfg = Release|Any CPU
		{3C8616BC-5CF1-45EC-9A33-DB5B3B46A917}.Release|Any CPU.Build.0 = Release|Any CPU
		{002738CF-656F-411C-B267-7E0195E480FC}.Debug|Any CPU.ActiveCfg = Debug|Any CPU
		{002738CF-656F-411C-B267-7E0195E480FC}.Debug|Any CPU.Build.0 = Debug|Any CPU
		{002738CF-656F-411C-B267-7E0195E480FC}.Release|Any CPU.ActiveCfg = Release|Any CPU
		{002738CF-656F-411C-B267-7E0195E480FC}.Release|Any CPU.Build.0 = Release|Any CPU
		{219180F8-92CF-465A-B658-6E64F91A5C2F}.Debug|Any CPU.ActiveCfg = Debug|Any CPU
		{219180F8-92CF-465A-B658-6E64F91A5C2F}.Debug|Any CPU.Build.0 = Debug|Any CPU
		{219180F8-92CF-465A-B658-6E64F91A5C2F}.Release|Any CPU.ActiveCfg = Release|Any CPU
		{219180F8-92CF-465A-B658-6E64F91A5C2F}.Release|Any CPU.Build.0 = Release|Any CPU
		{100192B3-45AC-44CE-A8AE-D1C7A37F1DDE}.Debug|Any CPU.ActiveCfg = Debug|Any CPU
		{100192B3-45AC-44CE-A8AE-D1C7A37F1DDE}.Debug|Any CPU.Build.0 = Debug|Any CPU
		{100192B3-45AC-44CE-A8AE-D1C7A37F1DDE}.Release|Any CPU.ActiveCfg = Release|Any CPU
		{100192B3-45AC-44CE-A8AE-D1C7A37F1DDE}.Release|Any CPU.Build.0 = Release|Any CPU
		{D2A033AD-94F7-49FA-9FF0-BAB5FBF37723}.Debug|Any CPU.ActiveCfg = Debug|Any CPU
		{D2A033AD-94F7-49FA-9FF0-BAB5FBF37723}.Debug|Any CPU.Build.0 = Debug|Any CPU
		{D2A033AD-94F7-49FA-9FF0-BAB5FBF37723}.Release|Any CPU.ActiveCfg = Release|Any CPU
		{D2A033AD-94F7-49FA-9FF0-BAB5FBF37723}.Release|Any CPU.Build.0 = Release|Any CPU
		{08649872-A4D3-4430-B5B2-39B51F7CDA87}.Debug|Any CPU.ActiveCfg = Debug|Any CPU
		{08649872-A4D3-4430-B5B2-39B51F7CDA87}.Debug|Any CPU.Build.0 = Debug|Any CPU
		{08649872-A4D3-4430-B5B2-39B51F7CDA87}.Release|Any CPU.ActiveCfg = Release|Any CPU
		{08649872-A4D3-4430-B5B2-39B51F7CDA87}.Release|Any CPU.Build.0 = Release|Any CPU
		{49A5C871-B24B-4E2E-9A45-19D9CCA4823C}.Debug|Any CPU.ActiveCfg = Debug|Any CPU
		{49A5C871-B24B-4E2E-9A45-19D9CCA4823C}.Debug|Any CPU.Build.0 = Debug|Any CPU
		{49A5C871-B24B-4E2E-9A45-19D9CCA4823C}.Release|Any CPU.ActiveCfg = Release|Any CPU
		{49A5C871-B24B-4E2E-9A45-19D9CCA4823C}.Release|Any CPU.Build.0 = Release|Any CPU
		{8DEFDC85-C6C5-4453-A31D-56D66C883A44}.Debug|Any CPU.ActiveCfg = Debug|Any CPU
		{8DEFDC85-C6C5-4453-A31D-56D66C883A44}.Debug|Any CPU.Build.0 = Debug|Any CPU
		{8DEFDC85-C6C5-4453-A31D-56D66C883A44}.Release|Any CPU.ActiveCfg = Release|Any CPU
		{8DEFDC85-C6C5-4453-A31D-56D66C883A44}.Release|Any CPU.Build.0 = Release|Any CPU
		{6E32995C-A6B2-4DD5-9A81-8D39D74FF2D9}.Debug|Any CPU.ActiveCfg = Debug|Any CPU
		{6E32995C-A6B2-4DD5-9A81-8D39D74FF2D9}.Debug|Any CPU.Build.0 = Debug|Any CPU
		{6E32995C-A6B2-4DD5-9A81-8D39D74FF2D9}.Release|Any CPU.ActiveCfg = Release|Any CPU
		{6E32995C-A6B2-4DD5-9A81-8D39D74FF2D9}.Release|Any CPU.Build.0 = Release|Any CPU
		{1485942B-E514-4C07-BA33-811CE103A012}.Debug|Any CPU.ActiveCfg = Debug|Any CPU
		{1485942B-E514-4C07-BA33-811CE103A012}.Debug|Any CPU.Build.0 = Debug|Any CPU
		{1485942B-E514-4C07-BA33-811CE103A012}.Release|Any CPU.ActiveCfg = Release|Any CPU
		{1485942B-E514-4C07-BA33-811CE103A012}.Release|Any CPU.Build.0 = Release|Any CPU
	EndGlobalSection
EndGlobal
